
Microsoft Visual Studio Solution File, Format Version 12.00
# Visual Studio Version 17
VisualStudioVersion = 17.11.35312.102
MinimumVisualStudioVersion = 10.0.40219.1
Project("{9A19103F-16F7-4668-BE54-9A1E7A4F7556}") = "AdminAppProducts.Tests", "AdminAppProducts.Tests.csproj", "{5036E1C6-8A45-4CD6-A1A8-5AD97B4515BF}"
EndProject
Global
	GlobalSection(SolutionConfigurationPlatforms) = preSolution
		Debug|Any CPU = Debug|Any CPU
		Release|Any CPU = Release|Any CPU
	EndGlobalSection
	GlobalSection(ProjectConfigurationPlatforms) = postSolution
		{5036E1C6-8A45-4CD6-A1A8-5AD97B4515BF}.Debug|Any CPU.ActiveCfg = Debug|Any CPU
		{5036E1C6-8A45-4CD6-A1A8-5AD97B4515BF}.Debug|Any CPU.Build.0 = Debug|Any CPU
		{5036E1C6-8A45-4CD6-A1A8-5AD97B4515BF}.Release|Any CPU.ActiveCfg = Release|Any CPU
		{5036E1C6-8A45-4CD6-A1A8-5AD97B4515BF}.Release|Any CPU.Build.0 = Release|Any CPU
	EndGlobalSection
	GlobalSection(SolutionProperties) = preSolution
		HideSolutionNode = FALSE
	EndGlobalSection
	GlobalSection(ExtensibilityGlobals) = postSolution
		SolutionGuid = {4DC77F92-3470-466C-AEC1-82BB18102BC6}
	EndGlobalSection
EndGlobal
